cloudeng.io/algo v0.0.0-20260824023931-9b6c51abac7f h1:fbXWFxb+tpMugpHrpAyjbQ1p4OZQEdTtephLKglfXXY=
cloudeng.io/algo v0.0.0-20260824023931-9b6c51abac7f/go.mod h1:VXfkJ15IS4nXNdqqndiOceVAY49AXmQVBsaz/MIyZw4=
cloudeng.io/cmdutil v0.0.0-20260824023931-9b6c51abac7f h1:mfPWKMAPw45eVZHOMtl55e8NYw1Mlluremav62nu1rM=
cloudeng.io/cmdutil v0.0.0-20260824023931-9b6c51abac7f/go.mod h1:E2T4GwXf1Dhpv6xKGSzavH7sdHK5Fh+dnbrYGp9GQto=
cloudeng.io/debug v0.0.0-20260527194618-4cb6d4558850 h1:gUar3YNqSdi+uvszdB44uBuutJnWWZX1lzAzlT/Y0IA=
cloudeng.io/debug v0.0.0-20260527194618-4cb6d4558850/go.mod h1:MECwal0eFhXI3wixLVjNGnXohW4qGQRg+J68yQWmi9k=
cloudeng.io/errors v0.0.14-0.20260312171538-61fcde6ce278 h1:zvkZ9WBpBjerUAhl+SLCcQLar2mNdsA0kFc0Ku5NKVQ=
cloudeng.io/errors v0.0.14-0.20260312171538-61fcde6ce278/go.mod h1:6TivTMjXopNNZ0eNsac9MfYij1WC6R0gJcsSIxcunIA=
cloudeng.io/file v0.0.0-20260824023931-9b6c51abac7f h1:qiFXMWS6oE7nko3cr6vsctYHdxxh1WkxPpwpQ23rxBU=
cloudeng.io/file v0.0.0-20260824023931-9b6c51abac7f/go.mod h1:l6dNTIeSdz0DLIV5V7dlaMKfzZVhJ5gecMSYlqEdx30=
cloudeng.io/logging v0.0.0-20260824023931-9b6c51abac7f h1:L44EXTHwEAca0I69F/LlQsTvht3/BijTzyDC8JefPjk=
cloudeng.io/logging v0.0.0-20260824023931-9b6c51abac7f/go.mod h1:1srNtLRpQsIoLck/p/JmvR/QfwfPbDO/65orqtdh1N0=
cloudeng.io/net v0.0.0-20260824023931-9b6c51abac7f h1:fJekcIARyUfo57AOlGrK+pLGtrk4YpYgsXTmj3PPxtY=
cloudeng.io/net v0.0.0-20260824023931-9b6c51abac7f/go.mod h1:iGGN6VzoIHWwLGxCXzGDhr+QVEUTFSZdJiBAuuYi0lw=
cloudeng.io/os v0.0.0-20260824023931-9b6c51abac7f h1:tF6YCXBC+Et3/5apwVCA9OUB/qhYmNSspRPEOKqsVlQ=
cloudeng.io/os v0.0.0-20260824023931-9b6c51abac7f/go.mod h1:xxFKazMCATKYUzgE3bogyzhmLEEl5zJJr17V1XupCCU=
cloudeng.io/sync v0.0.12-0.20260804222138-e9281ed260ba h1:2+U9tNRu/+O1rHgv2mxRTU80lgUCJSxDFDswbKumBx8=
cloudeng.io/sync v0.0.12-0.20260804222138-e9281ed260ba/go.mod h1:35kcugrX/RVGQjSfyLMciOCloX34nFfnkQsdks75Ao0=
cloudeng.io/sys v0.0.0-20260824023931-9b6c51abac7f h1:7xqd9TtZU7NDZ5XQVV7PiCrGnp1iW4NU5EviF9zM4mE=
cloudeng.io/sys v0.0.0-20260824023931-9b6c51abac7f/go.mod h1:743L2810r+Sw0FLR4r5G8a3UsEWniPRFYovEvMNpRBE=
cloudeng.io/text v0.0.16-0.20260624171915-da98fe9dec2b h1:otn38p2Jnt/wSY3b4frIaXVFP9suUCTVIXd2gK1JZJY=
cloudeng.io/text v0.0.16-0.20260624171915-da98fe9dec2b/go.mod h1:8U06bDX6RVeRzivT66GHyvoY5rGB/CVOEH1duqmFcpc=
cloudeng.io/webapi/operations v0.0.0-20260808001644-2694e12e1341 h1:PepEcPP6LeGHySG+I7dtPxKqvrJ8dcOKnc8OGO4PWRY=
cloudeng.io/webapi/operations v0.0.0-20260808001644-2694e12e1341/go.mod h1:LDsEHT5vO0Az2agZLvozrNGW2WzDFWG2l2yiI7Uf7+s=
cloudeng.io/webapi/webapitestutil v0.0.0-20260108223722-702b7fae5336 h1:EkHAqC5xT0yHG7wD3vN+pMGdTjjLvSN2CPqrAJGgVds=
cloudeng.io/webapi/webapitestutil v0.0.0-20260108223722-702b7fae5336/go.mod h1:/v4SzjtAFY/+FcVh5IyVbulzZTfHbhuqN7qtcWZmHU0=
cloudeng.io/windows v0.0.0-20251203211350-c30caae1cc5e h1:88FLgbskFkcsZSgh3jncYqYBg1J2eLHGzmdp74APrCQ=
cloudeng.io/windows v0.0.0-20251203211350-c30caae1cc5e/go.mod h1:tUOArMXLISe8OY+lHimWwdHMev5N7MwQGczQgTYZb3Y=
github.com/google/uuid v1.6.0 h1:NIvaJDMOsjHA8n1jAhLSgzrAzy1Hgr+hNrb57e+94F0=
github.com/google/uuid v1.6.0/go.mod h1:TIyPZe4MgqvfeYDBFedMoGGpEw/LqOeaOT+nhxU+yHo=
github.com/kr/pretty v0.3.1 h1:flRD4NNwYAUpkphVc1HcthR4KEIFJ65n8Mw5qdRn3LE=
github.com/kr/pretty v0.3.1/go.mod h1:hoEshYVHaxMs3cyo3Yncou5ZscifuDolrwPKZanG3xk=
github.com/kr/text v0.2.0 h1:5Nx0Ya0ZqY2ygV366QzturHI13Jq95ApcVaJBhpS+AY=
github.com/kr/text v0.2.0/go.mod h1:eLer722TekiGuMkidMxC/pM04lWEeraHUUmBw8l2grE=
github.com/rogpeppe/go-internal v1.14.1 h1:UQB4HGPB6osV0SQTLymcB4TgvyWu6ZyliaW0tI/otEQ=
github.com/rogpeppe/go-internal v1.14.1/go.mod h1:MaRKkUm5W0goXpeCfT7UZI6fk/L7L7so1lCWt35ZSgc=
golang.org/x/sync v0.22.0 h1:SZjpbeLmrCk4xhRSZFNZW5gFUeCeFgjekvI/+gfScek=
golang.org/x/sync v0.22.0/go.mod h1:9xrNwdLfx4jkKbNva9FpL6vEN7evnE43NNNJQ2LF3+0=
golang.org/x/sys v0.47.0 h1:o7XGOvZQCADBQQ4Y7VNq2dRWQR7JmOUW8Kxx4ZsNgWs=
golang.org/x/sys v0.47.0/go.mod h1:4GL1E5IUh+htKOUEOaiffhrAeqysfVGipDYzABqnCmw=
gopkg.in/check.v1 v0.0.0-20161208181325-20d25e280405/go.mod h1:Co6ibVJAznAaIkqp8huTwlJQCZ016jof/cbN4VW5Yz0=
gopkg.in/check.v1 v1.0.0-20201130134442-10cb98267c6c h1:Hei/4ADfdWqJk1ZMxUNpqntNwaWcugrBjAiHlqqRiVk=
gopkg.in/check.v1 v1.0.0-20201130134442-10cb98267c6c/go.mod h1:JHkPIbrfpd72SG/EVd6muEfDQjcINNoR0C8j2r3qZ4Q=
gopkg.in/yaml.v3 v3.0.1 h1:fxVm/GzAzEWqLHuvctI91KS9hhNmmWOoWu0XTYJS7CA=
gopkg.in/yaml.v3 v3.0.1/go.mod h1:K4uyk7z7BCEPqu6E+C64Yfv1cQ7kz7rIZviUmN+EgEM=
