cloudeng.io/algo v0.0.0-20260721222700-155e56185eeb h1:Cewy/CPq4Sw3hF5IA7emNKvh+XmPfepIwZumNH+mXTs=
cloudeng.io/algo v0.0.0-20260721222700-155e56185eeb/go.mod h1:VXfkJ15IS4nXNdqqndiOceVAY49AXmQVBsaz/MIyZw4=
cloudeng.io/cmdutil v0.0.0-20260409195307-0d32d333270c/go.mod h1:5XVKO2B2p0Mfe8daG343w464dy/VxpOjdFVSqrqKl7c=
cloudeng.io/cmdutil v0.0.0-20260425211716-f42e1171ce77 h1:U0dWZLP4v1lLzzaAWvgKGoXTPSGX0As550WjGE2zMUk=
cloudeng.io/cmdutil v0.0.0-20260425211716-f42e1171ce77/go.mod h1:jSAhU8xFl5lOeQ+LApLPJ+jviiCqeh2L6eGdIsd4OhM=
cloudeng.io/cmdutil v0.0.0-20260721222700-155e56185eeb h1:MARpR0azLdCGJ8HuDraYECRJK9aZxtKDO8YjoE8oM4U=
cloudeng.io/cmdutil v0.0.0-20260721222700-155e56185eeb/go.mod h1:N+YOFw1Z8hilYJjXxeNccUIlcKzXlfVbOlgQj2q5RqQ=
cloudeng.io/errors v0.0.14-0.20260312171538-61fcde6ce278 h1:zvkZ9WBpBjerUAhl+SLCcQLar2mNdsA0kFc0Ku5NKVQ=
cloudeng.io/errors v0.0.14-0.20260312171538-61fcde6ce278/go.mod h1:6TivTMjXopNNZ0eNsac9MfYij1WC6R0gJcsSIxcunIA=
cloudeng.io/file v0.0.0-20260425211716-f42e1171ce77 h1:vpFbUsSxJx8IEXjXHUqbumNUkCMxA4pQflZeRXWxQkk=
cloudeng.io/file v0.0.0-20260425211716-f42e1171ce77/go.mod h1:Nz2B/ggaJOBiVEjoKd+GEEbjn/umdQ2qWu65Z7/RXok=
cloudeng.io/file v0.0.0-20260721222700-155e56185eeb h1:Tfz+Zz5Zz3qP5p7yOoYt7NNIuTfLybYbcl0rF+NWHww=
cloudeng.io/file v0.0.0-20260721222700-155e56185eeb/go.mod h1:9kL9sDNKPWReOcd/I+DrSh79VwFzPqPJ/9kf8KNQrVU=
cloudeng.io/logging v0.0.0-20260424002940-830ef619d827 h1:TJ5idqeS/3VCkm4jgcc5A3tvy7mWRB/L9osbEprrVN8=
cloudeng.io/logging v0.0.0-20260424002940-830ef619d827/go.mod h1:1srNtLRpQsIoLck/p/JmvR/QfwfPbDO/65orqtdh1N0=
cloudeng.io/logging v0.0.0-20260425211716-f42e1171ce77 h1:03xPYFZBLhnhITKFRCfLA2/YPDUEDGOhAN+vztAv2dQ=
cloudeng.io/logging v0.0.0-20260425211716-f42e1171ce77/go.mod h1:1srNtLRpQsIoLck/p/JmvR/QfwfPbDO/65orqtdh1N0=
cloudeng.io/logging v0.0.0-20260721222700-155e56185eeb h1:DwEJ88YCe7+rbF1nhH/+5wbo/h9izWyI18zb4i2bzI8=
cloudeng.io/logging v0.0.0-20260721222700-155e56185eeb/go.mod h1:1srNtLRpQsIoLck/p/JmvR/QfwfPbDO/65orqtdh1N0=
cloudeng.io/macos v0.0.0-20260424042842-af63ae0c0568 h1:bFXtCfgnCy2M43J22bSNa/1ArFINrA0p5SfeoBzRr2E=
cloudeng.io/macos v0.0.0-20260424042842-af63ae0c0568/go.mod h1:ApGU/3SSQLtjsMw0JObwPq8lGf0eHLc/i24aw1IfrVc=
cloudeng.io/macos v0.0.0-20260623000025-efba237a440e h1:1gH5QZtbeqw829WdxlUfVDowgAlNRxJ0Oxfcgu1jdRQ=
cloudeng.io/macos v0.0.0-20260623000025-efba237a440e/go.mod h1:pbG8h4oKUe2Gi+FJ8EnvfJuP7CX/is0+ssmN2aWh7m8=
cloudeng.io/net v0.0.0-20260425211716-f42e1171ce77 h1:N5L6B4wRWSxWTf1xcA1Cs2w/bJeGGEEVraDpQq3lkaI=
cloudeng.io/net v0.0.0-20260425211716-f42e1171ce77/go.mod h1:LyHUWuU4UWRgfUjdpd9AeRa6sDD52Gu8oxNMC0x/1vE=
cloudeng.io/os v0.0.0-20260721222700-155e56185eeb h1:oZZn3EOPemFls3d1r6zLiNfrWm6LoGN44TqZ67O8XGA=
cloudeng.io/os v0.0.0-20260721222700-155e56185eeb/go.mod h1:KywG7sgIIrXujykkH/b3vWROeOJBHMwZlhpp4670Hgo=
cloudeng.io/security v0.0.0-20260409195307-0d32d333270c h1:hlPrtBWK1CY7bcWrjaMzNbvB+I2JuRPToKFvREM3DrU=
cloudeng.io/security v0.0.0-20260409195307-0d32d333270c/go.mod h1:WiLGafPvKkG9jnDCAry8TCvLpf8k/VTrGlfcQWLIYLY=
cloudeng.io/security v0.0.0-20260425211716-f42e1171ce77 h1:jRPctW2qNvkX0Ux/m8t0IAx6aLo8bSXozeN3wcP+o/Q=
cloudeng.io/security v0.0.0-20260425211716-f42e1171ce77/go.mod h1:ls51TnrEYf2Z6aYN39Mwj8Itjp62VGe6MIm2znb0UXE=
cloudeng.io/security v0.0.0-20260721222700-155e56185eeb h1:r2hr4THuLyNTUlS4WsgPJbHIE6pO7PN7+KDdiL9RNzg=
cloudeng.io/security v0.0.0-20260721222700-155e56185eeb/go.mod h1:uyB8bkiqKx4ooB6E9mGuPm3oGJW9HvAXPo5VPKhANU0=
cloudeng.io/sync v0.0.9 h1:mm45cx0jur0bI2MCBuaBl4zmtgtyjkVz113yz6QvFVU=
cloudeng.io/sync v0.0.9/go.mod h1:sBfahAnbmCV88i0qCuafk2xobIHVthR82n3jEOMYIXs=
cloudeng.io/sync v0.0.11 h1:w0KEssgwRzTwZ0ZVNaNmBExkvy+GBHK6rdokFSZE7H0=
cloudeng.io/sync v0.0.11/go.mod h1:F9NpbM4iI6Rg74moXYpFdAU+ljdB9RKLWNuYvF0cFJE=
cloudeng.io/sys v0.0.0-20260721222700-155e56185eeb h1:Lm2Sy33vxVZyHtu0J6Fi/PnzhpZWCvg0lTnqcaOCIXc=
cloudeng.io/sys v0.0.0-20260721222700-155e56185eeb/go.mod h1:743L2810r+Sw0FLR4r5G8a3UsEWniPRFYovEvMNpRBE=
cloudeng.io/text v0.0.16-0.20260312171538-61fcde6ce278 h1:pGH7HR6EiZ7mceD00OY2vdKSqvIUYt+1F/b3G63O6uo=
cloudeng.io/text v0.0.16-0.20260312171538-61fcde6ce278/go.mod h1:bZd+iMNGHuFhRwk30Ife7WW56IZAMnAqApeEt4KEc0c=
cloudeng.io/text v0.0.16-0.20260624171915-da98fe9dec2b h1:otn38p2Jnt/wSY3b4frIaXVFP9suUCTVIXd2gK1JZJY=
cloudeng.io/text v0.0.16-0.20260624171915-da98fe9dec2b/go.mod h1:8U06bDX6RVeRzivT66GHyvoY5rGB/CVOEH1duqmFcpc=
cloudeng.io/webapi/clients/github v0.0.0-20260425200644-807bad2cd4f0/go.mod h1:fP6hQjqvmm1DFklJJgfzJ/u7bT9e2fT4/X+t5NoAl7U=
cloudeng.io/webapi/clients/github v0.0.0-20260425221148-f5b14ce2802d h1:TkG6CF8xiAZETR4RGdqNiZheu/LGmkGGncqg5HXqWXo=
cloudeng.io/webapi/clients/github v0.0.0-20260425221148-f5b14ce2802d/go.mod h1:fP6hQjqvmm1DFklJJgfzJ/u7bT9e2fT4/X+t5NoAl7U=
cloudeng.io/webapi/clients/github v0.0.0-20260721224604-85bb5bc5a233 h1:raYenNJSegwmkL+zOEDgVo6p71TJZyXUzjIPgkWfaSo=
cloudeng.io/webapi/clients/github v0.0.0-20260721224604-85bb5bc5a233/go.mod h1:T8TZAjLOP76i6JXdolEhHOF/Ew4EWGLx5pPHMO4gUbQ=
cloudeng.io/webapi/operations v0.0.0-20260225163241-9ccf3cf80eda/go.mod h1:0S/aeSY9X5dBYD0ukRsG+ZY8NqOxjEVpemKSu0n9/VE=
cloudeng.io/webapi/operations v0.0.0-20260425221148-f5b14ce2802d h1:jcqmZMe9qEgLqwoFoElO8gB/pS1GZK7w4zvYDq6tKKU=
cloudeng.io/webapi/operations v0.0.0-20260425221148-f5b14ce2802d/go.mod h1:pc3D4isvfUs9TZykkKuZvu3HWrmW+wJnfyMsYtKS04k=
cloudeng.io/webapi/operations v0.0.0-20260721224604-85bb5bc5a233 h1:kuPxSGs9GJQyqJwnf4XtxfgolczgctTh2pq6dIy3E60=
cloudeng.io/webapi/operations v0.0.0-20260721224604-85bb5bc5a233/go.mod h1:LDsEHT5vO0Az2agZLvozrNGW2WzDFWG2l2yiI7Uf7+s=
github.com/cloudengio/go-keychain v0.0.0-20251120230617-c4053f60cda7 h1:LgH6IfVJzTyEdvGxT3JwI3NHf6jJs5UJjmSbEMfjb0s=
github.com/cloudengio/go-keychain v0.0.0-20251120230617-c4053f60cda7/go.mod h1:hGaE9Nd6EP9OJuiIvSaiB8dcX/RDTgkXRObngT649ng=
golang.org/x/crypto v0.50.0 h1:zO47/JPrL6vsNkINmLoo/PH1gcxpls50DNogFvB5ZGI=
golang.org/x/crypto v0.50.0/go.mod h1:3muZ7vA7PBCE6xgPX7nkzzjiUq87kRItoJQM1Yo8S+Q=
golang.org/x/oauth2 v0.36.0 h1:peZ/1z27fi9hUOFCAZaHyrpWG5lwe0RJEEEeH0ThlIs=
golang.org/x/oauth2 v0.36.0/go.mod h1:YDBUJMTkDnJS+A4BP4eZBjCqtokkg1hODuPjwiGPO7Q=
golang.org/x/sync v0.22.0 h1:SZjpbeLmrCk4xhRSZFNZW5gFUeCeFgjekvI/+gfScek=
golang.org/x/sync v0.22.0/go.mod h1:9xrNwdLfx4jkKbNva9FpL6vEN7evnE43NNNJQ2LF3+0=
golang.org/x/sys v0.43.0 h1:Rlag2XtaFTxp19wS8MXlJwTvoh8ArU6ezoyFsMyCTNI=
golang.org/x/sys v0.43.0/go.mod h1:4GL1E5IUh+htKOUEOaiffhrAeqysfVGipDYzABqnCmw=
golang.org/x/sys v0.47.0 h1:o7XGOvZQCADBQQ4Y7VNq2dRWQR7JmOUW8Kxx4ZsNgWs=
golang.org/x/sys v0.47.0/go.mod h1:4GL1E5IUh+htKOUEOaiffhrAeqysfVGipDYzABqnCmw=
gopkg.in/check.v1 v0.0.0-20161208181325-20d25e280405/go.mod h1:Co6ibVJAznAaIkqp8huTwlJQCZ016jof/cbN4VW5Yz0=
gopkg.in/yaml.v3 v3.0.1 h1:fxVm/GzAzEWqLHuvctI91KS9hhNmmWOoWu0XTYJS7CA=
gopkg.in/yaml.v3 v3.0.1/go.mod h1:K4uyk7z7BCEPqu6E+C64Yfv1cQ7kz7rIZviUmN+EgEM=
